{
    "_readme": [
        "This file locks the dependencies of your project to a known state",
        "Read more about it at https://getcomposer.org/doc/01-basic-usage.md#composer-lock-the-lock-file",
        "This file is @generated automatically"
    ],
    "content-hash": "5d41c67030ddb60a42cee8152504061b",
    "packages": [
        {
            "name": "juanmicl/igcreator",
            "version": "v2.0",
            "source": {
                "type": "git",
                "url": "https://github.com/juanmicl/igcreator.git",
                "reference": "0d1e3eab714abff59408dc7403846abfc50e3363"
            },
            "dist": {
                "type": "zip",
                "url": "https://api.github.com/repos/juanmicl/igcreator/zipball/0d1e3eab714abff59408dc7403846abfc50e3363",
                "reference": "0d1e3eab714abff59408dc7403846abfc50e3363",
                "shasum": ""
            },
            "type": "library",
            "autoload": {
                "psr-4": {
                    "juanmicl\\igcreator\\": "src/"
                }
            },
            "notification-url": "https://packagist.org/downloads/",
            "license": [
                "RPL-1.5"
            ],
            "authors": [
                {
                    "name": "Juan Miguel",
                    "email": "juanmipw@gmail.com"
                }
            ],
            "description": "Create Instagram accounts faster",
            "time": "2018-10-08T12:14:50+00:00"
        }
    ],
    "packages-dev": [],
    "aliases": [],
    "minimum-stability": "stable",
    "stability-flags": [],
    "prefer-stable": false,
    "prefer-lowest": false,
    "platform": [],
    "platform-dev": []
}
